
Microsoft Visual Studio Solution File, Format Version 12.00
# Visual Studio Version 17
VisualStudioVersion = 17.14.36414.22
MinimumVisualStudioVersion = 10.0.40219.1
Project("{2150E333-8FDC-42A3-9474-1A3956D46DE8}") = "Task 0", "Task 0", "{02EA681E-C7D8-13C7-8484-4AC65E1B71E8}"
EndProject
Project("{FAE04EC0-301F-11D3-BF4B-00C04F79EFBC}") = "Tyuiu.PankovaAA.Sprint1.Task0.V23", "Tyuiu.PankovaAA.Sprint1.Task0.V23\Tyuiu.PankovaAA.Sprint1.Task0.V23.csproj", "{5FA3C0AB-4843-4EC7-92BC-EDA56E165D9E}"
EndProject
Project("{FAE04EC0-301F-11D3-BF4B-00C04F79EFBC}") = "Tyuiu.PankovaAA.Sprint1.Task0.V23.Lib", "Tyuiu.PankovaAA.Sprint1.Task0.V23.Lib\Tyuiu.PankovaAA.Sprint1.Task0.V23.Lib.csproj", "{2F83A562-C7F5-4829-8E14-47BFDD3114E1}"
EndProject
Project("{FAE04EC0-301F-11D3-BF4B-00C04F79EFBC}") = "Tyuiu.PankovaAA.Sprint1.Task0.V23.Test", "Tyuiu.PankovaAA.Sprint1.Task0.V23.Test\Tyuiu.PankovaAA.Sprint1.Task0.V23.Test.csproj", "{734757CE-6959-4202-92CF-1605886F67AA}"
EndProject
Project("{2150E333-8FDC-42A3-9474-1A3956D46DE8}") = "Task 1", "Task 1", "{239BD309-007F-4AC7-B0F2-5242043322A9}"
EndProject
Project("{FAE04EC0-301F-11D3-BF4B-00C04F79EFBC}") = "Tyuiu.PankovaAA.Sprint1.Task1.V26", "Tyuiu.PankovaAA.Sprint1.Task1.V26\Tyuiu.PankovaAA.Sprint1.Task1.V26.csproj", "{A0B7755A-6530-4BA9-93D3-73D8CA10C406}"
EndProject
Project("{FAE04EC0-301F-11D3-BF4B-00C04F79EFBC}") = "Tyuiu.PankovaAA.Sprint1.Task1.V26.Lib", "Tyuiu.PankovaAA.Sprint1.Task1.V26.Lib\Tyuiu.PankovaAA.Sprint1.Task1.V26.Lib.csproj", "{194363C9-25E9-47A5-8B72-CDCD73DDE5F0}"
EndProject
Project("{FAE04EC0-301F-11D3-BF4B-00C04F79EFBC}") = "Tyuiu.PankovaAA.Sprint1.Task1.V26.Test", "Tyuiu.PankovaAA.Sprint1.Task1.V26.Test\Tyuiu.PankovaAA.Sprint1.Task1.V26.Test.csproj", "{09092030-B9FF-4B90-BDA2-A7C3DB511A6E}"
EndProject
Project("{2150E333-8FDC-42A3-9474-1A3956D46DE8}") = "Task 2", "Task 2", "{3063B535-3F5E-43FA-A4CE-4BE65D944C17}"
EndProject
Project("{FAE04EC0-301F-11D3-BF4B-00C04F79EFBC}") = "Tyuiu.PankovaAA.Sprint1.Task2.V6", "Tyuiu.PankovaAA.Sprint1.Task2.V6\Tyuiu.PankovaAA.Sprint1.Task2.V6.csproj", "{6339E820-E7AD-4980-8ACD-CDCFFE49E3E7}"
EndProject
Project("{FAE04EC0-301F-11D3-BF4B-00C04F79EFBC}") = "Tyuiu.PankovaAA.Sprint1.Task2.V6.Lib", "Tyuiu.PankovaAA.Sprint1.Task2.V6.Lib\Tyuiu.PankovaAA.Sprint1.Task2.V6.Lib.csproj", "{A5AB222B-0080-47C3-B248-E26A9E264CC5}"
EndProject
Project("{FAE04EC0-301F-11D3-BF4B-00C04F79EFBC}") = "Tyuiu.PankovaAA.Sprint1.Task2.V6.Test", "Tyuiu.PankovaAA.Sprint1.Task2.V6.Test\Tyuiu.PankovaAA.Sprint1.Task2.V6.Test.csproj", "{F1A2A8AB-30DF-46B0-8501-7F4C317004E4}"
EndProject
Project("{2150E333-8FDC-42A3-9474-1A3956D46DE8}") = "Task 3", "Task 3", "{FDFDD42D-FB8D-4143-85CB-5AF04E0FAEC0}"
EndProject
Project("{FAE04EC0-301F-11D3-BF4B-00C04F79EFBC}") = "Tyuiu.PankovaAA.Sprint1.Task3.V11", "Tyuiu.PankovaAA.Sprint1.Task3.V11\Tyuiu.PankovaAA.Sprint1.Task3.V11.csproj", "{5D123C5D-BBF8-45A8-9D90-05A8806A779F}"
EndProject
Project("{FAE04EC0-301F-11D3-BF4B-00C04F79EFBC}") = "Tyuiu.PankovaAA.Sprint1.Task3.V11.Lib", "Tyuiu.PankovaAA.Sprint1.Task3.V11.Lib\Tyuiu.PankovaAA.Sprint1.Task3.V11.Lib.csproj", "{69BDB1B1-B972-4D11-8351-7C8AD10B57C8}"
EndProject
Project("{FAE04EC0-301F-11D3-BF4B-00C04F79EFBC}") = "Tyuiu.PankovaAA.Sprint1.Task3.V11.Test", "Tyuiu.PankovaAA.Sprint1.Task3.V11.Test\Tyuiu.PankovaAA.Sprint1.Task3.V11.Test.csproj", "{803AE471-98F3-4903-8794-04A7778FFB4C}"
EndProject
Project("{2150E333-8FDC-42A3-9474-1A3956D46DE8}") = "Task 4", "Task 4", "{BA934DF0-AF39-41CD-B707-89000254E658}"
EndProject
Project("{FAE04EC0-301F-11D3-BF4B-00C04F79EFBC}") = "Tyuiu.PankovaAA.Sprint1.Task4.V22", "Tyuiu.PankovaAA.Sprint1.Task4.V22\Tyuiu.PankovaAA.Sprint1.Task4.V22.csproj", "{4F0F8595-918F-4C38-A5CA-28E553B992B8}"
EndProject
Project("{FAE04EC0-301F-11D3-BF4B-00C04F79EFBC}") = "Tyuiu.PankovaAA.Sprint1.Task4.V22.Lib", "Tyuiu.PankovaAA.Sprint1.Task4.V22.Lib\Tyuiu.PankovaAA.Sprint1.Task4.V22.Lib.csproj", "{E9928947-F4A9-447C-92BF-489DA038536F}"
EndProject
Project("{FAE04EC0-301F-11D3-BF4B-00C04F79EFBC}") = "Tyuiu.PankovaAA.Sprint1.Task4.V22.Test", "Tyuiu.PankovaAA.Sprint1.Task4.V22.Test\Tyuiu.PankovaAA.Sprint1.Task4.V22.Test.csproj", "{C8A36E40-DB63-47AB-86E7-F96B12E7630D}"
EndProject
Project("{2150E333-8FDC-42A3-9474-1A3956D46DE8}") = "Task 5", "Task 5", "{4E11E718-673A-4777-B14B-D3A040420C14}"
EndProject
Project("{FAE04EC0-301F-11D3-BF4B-00C04F79EFBC}") = "Tyuiu.PankovaAA.Sprint1.Task5.V3", "Tyuiu.PankovaAA.Sprint1.Task5.V3\Tyuiu.PankovaAA.Sprint1.Task5.V3.csproj", "{1CF95F70-49C3-4D82-932E-9571C4DC678B}"
EndProject
Project("{FAE04EC0-301F-11D3-BF4B-00C04F79EFBC}") = "Tyuiu.PankovaAA.Sprint1.Task5.V3.Lib", "Tyuiu.PankovaAA.Sprint1.Task5.V3.Lib\Tyuiu.PankovaAA.Sprint1.Task5.V3.Lib.csproj", "{9570E446-565A-4F8E-9A33-88BD417D46F8}"
EndProject
Project("{FAE04EC0-301F-11D3-BF4B-00C04F79EFBC}") = "Tyuiu.PankovaAA.Sprint1.Task5.V3.Test", "Tyuiu.PankovaAA.Sprint1.Task5.V3.Test\Tyuiu.PankovaAA.Sprint1.Task5.V3.Test.csproj", "{80B49201-3E66-40A8-9538-E6DA0503426D}"
EndProject
Project("{2150E333-8FDC-42A3-9474-1A3956D46DE8}") = "Task 6", "Task 6", "{B415ED62-2B96-42DD-AFEF-7732D88F82C8}"
EndProject
Project("{2150E333-8FDC-42A3-9474-1A3956D46DE8}") = "Task 7", "Task 7", "{1C6695FF-2257-4451-B7CC-BB150FD85A90}"
EndProject
Project("{FAE04EC0-301F-11D3-BF4B-00C04F79EFBC}") = "Tyuiu.PankovaAA.Sprint1.Task7.V9", "Tyuiu.PankovaAA.Sprint1.Task7.V9\Tyuiu.PankovaAA.Sprint1.Task7.V9.csproj", "{EB28722A-189B-4E73-BFF5-5ECF527F1A0E}"
EndProject
Project("{FAE04EC0-301F-11D3-BF4B-00C04F79EFBC}") = "Tyuiu.PankovaAA.Sprint1.Task7.V9.Lib", "Tyuiu.PankovaAA.Sprint1.Task7.V9.Lib\Tyuiu.PankovaAA.Sprint1.Task7.V9.Lib.csproj", "{C0A9B337-3B2E-4353-B5ED-5A5EE83E074F}"
EndProject
Project("{FAE04EC0-301F-11D3-BF4B-00C04F79EFBC}") = "Tyuiu.PankovaAA.Sprint1.Task7.V9.Test", "Tyuiu.PankovaAA.Sprint1.Task7.V9.Test\Tyuiu.PankovaAA.Sprint1.Task7.V9.Test.csproj", "{BDFAB3CD-029D-4126-9AFE-BB4343195CCD}"
EndProject
Project("{FAE04EC0-301F-11D3-BF4B-00C04F79EFBC}") = "Tyuiu.PankovaAA.Sprint1.Task6.V9", "Tyuiu.PankovaAA.Sprint1.Task6.V9\Tyuiu.PankovaAA.Sprint1.Task6.V9.csproj", "{7852A1CB-7DA4-4869-AB11-29407F7670F7}"
EndProject
Project("{FAE04EC0-301F-11D3-BF4B-00C04F79EFBC}") = "Tyuiu.PankovaAA.Sprint1.Task6.V9.Lib", "Tyuiu.PankovaAA.Sprint1.Task6.V9.Lib\Tyuiu.PankovaAA.Sprint1.Task6.V9.Lib.csproj", "{E158447E-324B-40BE-B18B-905EB8ACC7F9}"
EndProject
Global
	GlobalSection(SolutionConfigurationPlatforms) = preSolution
		Debug|Any CPU = Debug|Any CPU
		Release|Any CPU = Release|Any CPU
	EndGlobalSection
	GlobalSection(ProjectConfigurationPlatforms) = postSolution
		{5FA3C0AB-4843-4EC7-92BC-EDA56E165D9E}.Debug|Any CPU.ActiveCfg = Debug|Any CPU
		{5FA3C0AB-4843-4EC7-92BC-EDA56E165D9E}.Debug|Any CPU.Build.0 = Debug|Any CPU
		{5FA3C0AB-4843-4EC7-92BC-EDA56E165D9E}.Release|Any CPU.ActiveCfg = Release|Any CPU
		{5FA3C0AB-4843-4EC7-92BC-EDA56E165D9E}.Release|Any CPU.Build.0 = Release|Any CPU
		{2F83A562-C7F5-4829-8E14-47BFDD3114E1}.Debug|Any CPU.ActiveCfg = Debug|Any CPU
		{2F83A562-C7F5-4829-8E14-47BFDD3114E1}.Debug|Any CPU.Build.0 = Debug|Any CPU
		{2F83A562-C7F5-4829-8E14-47BFDD3114E1}.Release|Any CPU.ActiveCfg = Release|Any CPU
		{2F83A562-C7F5-4829-8E14-47BFDD3114E1}.Release|Any CPU.Build.0 = Release|Any CPU
		{734757CE-6959-4202-92CF-1605886F67AA}.Debug|Any CPU.ActiveCfg = Debug|Any CPU
		{734757CE-6959-4202-92CF-1605886F67AA}.Debug|Any CPU.Build.0 = Debug|Any CPU
		{734757CE-6959-4202-92CF-1605886F67AA}.Release|Any CPU.ActiveCfg = Release|Any CPU
		{734757CE-6959-4202-92CF-1605886F67AA}.Release|Any CPU.Build.0 = Release|Any CPU
		{A0B7755A-6530-4BA9-93D3-73D8CA10C406}.Debug|Any CPU.ActiveCfg = Debug|Any CPU
		{A0B7755A-6530-4BA9-93D3-73D8CA10C406}.Debug|Any CPU.Build.0 = Debug|Any CPU
		{A0B7755A-6530-4BA9-93D3-73D8CA10C406}.Release|Any CPU.ActiveCfg = Release|Any CPU
		{A0B7755A-6530-4BA9-93D3-73D8CA10C406}.Release|Any CPU.Build.0 = Release|Any CPU
		{194363C9-25E9-47A5-8B72-CDCD73DDE5F0}.Debug|Any CPU.ActiveCfg = Debug|Any CPU
		{194363C9-25E9-47A5-8B72-CDCD73DDE5F0}.Debug|Any CPU.Build.0 = Debug|Any CPU
		{194363C9-25E9-47A5-8B72-CDCD73DDE5F0}.Release|Any CPU.ActiveCfg = Release|Any CPU
		{194363C9-25E9-47A5-8B72-CDCD73DDE5F0}.Release|Any CPU.Build.0 = Release|Any CPU
		{09092030-B9FF-4B90-BDA2-A7C3DB511A6E}.Debug|Any CPU.ActiveCfg = Debug|Any CPU
		{09092030-B9FF-4B90-BDA2-A7C3DB511A6E}.Debug|Any CPU.Build.0 = Debug|Any CPU
		{09092030-B9FF-4B90-BDA2-A7C3DB511A6E}.Release|Any CPU.ActiveCfg = Release|Any CPU
		{09092030-B9FF-4B90-BDA2-A7C3DB511A6E}.Release|Any CPU.Build.0 = Release|Any CPU
		{6339E820-E7AD-4980-8ACD-CDCFFE49E3E7}.Debug|Any CPU.ActiveCfg = Debug|Any CPU
		{6339E820-E7AD-4980-8ACD-CDCFFE49E3E7}.Debug|Any CPU.Build.0 = Debug|Any CPU
		{6339E820-E7AD-4980-8ACD-CDCFFE49E3E7}.Release|Any CPU.ActiveCfg = Release|Any CPU
		{6339E820-E7AD-4980-8ACD-CDCFFE49E3E7}.Release|Any CPU.Build.0 = Release|Any CPU
		{A5AB222B-0080-47C3-B248-E26A9E264CC5}.Debug|Any CPU.ActiveCfg = Debug|Any CPU
		{A5AB222B-0080-47C3-B248-E26A9E264CC5}.Debug|Any CPU.Build.0 = Debug|Any CPU
		{A5AB222B-0080-47C3-B248-E26A9E264CC5}.Release|Any CPU.ActiveCfg = Release|Any CPU
		{A5AB222B-0080-47C3-B248-E26A9E264CC5}.Release|Any CPU.Build.0 = Release|Any CPU
		{F1A2A8AB-30DF-46B0-8501-7F4C317004E4}.Debug|Any CPU.ActiveCfg = Debug|Any CPU
		{F1A2A8AB-30DF-46B0-8501-7F4C317004E4}.Debug|Any CPU.Build.0 = Debug|Any CPU
		{F1A2A8AB-30DF-46B0-8501-7F4C317004E4}.Release|Any CPU.ActiveCfg = Release|Any CPU
		{F1A2A8AB-30DF-46B0-8501-7F4C317004E4}.Release|Any CPU.Build.0 = Release|Any CPU
		{5D123C5D-BBF8-45A8-9D90-05A8806A779F}.Debug|Any CPU.ActiveCfg = Debug|Any CPU
		{5D123C5D-BBF8-45A8-9D90-05A8806A779F}.Debug|Any CPU.Build.0 = Debug|Any CPU
		{5D123C5D-BBF8-45A8-9D90-05A8806A779F}.Release|Any CPU.ActiveCfg = Release|Any CPU
		{5D123C5D-BBF8-45A8-9D90-05A8806A779F}.Release|Any CPU.Build.0 = Release|Any CPU
		{69BDB1B1-B972-4D11-8351-7C8AD10B57C8}.Debug|Any CPU.ActiveCfg = Debug|Any CPU
		{69BDB1B1-B972-4D11-8351-7C8AD10B57C8}.Debug|Any CPU.Build.0 = Debug|Any CPU
		{69BDB1B1-B972-4D11-8351-7C8AD10B57C8}.Release|Any CPU.ActiveCfg = Release|Any CPU
		{69BDB1B1-B972-4D11-8351-7C8AD10B57C8}.Release|Any CPU.Build.0 = Release|Any CPU
		{803AE471-98F3-4903-8794-04A7778FFB4C}.Debug|Any CPU.ActiveCfg = Debug|Any CPU
		{803AE471-98F3-4903-8794-04A7778FFB4C}.Debug|Any CPU.Build.0 = Debug|Any CPU
		{803AE471-98F3-4903-8794-04A7778FFB4C}.Release|Any CPU.ActiveCfg = Release|Any CPU
		{803AE471-98F3-4903-8794-04A7778FFB4C}.Release|Any CPU.Build.0 = Release|Any CPU
		{4F0F8595-918F-4C38-A5CA-28E553B992B8}.Debug|Any CPU.ActiveCfg = Debug|Any CPU
		{4F0F8595-918F-4C38-A5CA-28E553B992B8}.Debug|Any CPU.Build.0 = Debug|Any CPU
		{4F0F8595-918F-4C38-A5CA-28E553B992B8}.Release|Any CPU.ActiveCfg = Release|Any CPU
		{4F0F8595-918F-4C38-A5CA-28E553B992B8}.Release|Any CPU.Build.0 = Release|Any CPU
		{E9928947-F4A9-447C-92BF-489DA038536F}.Debug|Any CPU.ActiveCfg = Debug|Any CPU
		{E9928947-F4A9-447C-92BF-489DA038536F}.Debug|Any CPU.Build.0 = Debug|Any CPU
		{E9928947-F4A9-447C-92BF-489DA038536F}.Release|Any CPU.ActiveCfg = Release|Any CPU
		{E9928947-F4A9-447C-92BF-489DA038536F}.Release|Any CPU.Build.0 = Release|Any CPU
		{C8A36E40-DB63-47AB-86E7-F96B12E7630D}.Debug|Any CPU.ActiveCfg = Debug|Any CPU
		{C8A36E40-DB63-47AB-86E7-F96B12E7630D}.Debug|Any CPU.Build.0 = Debug|Any CPU
		{C8A36E40-DB63-47AB-86E7-F96B12E7630D}.Release|Any CPU.ActiveCfg = Release|Any CPU
		{C8A36E40-DB63-47AB-86E7-F96B12E7630D}.Release|Any CPU.Build.0 = Release|Any CPU
		{1CF95F70-49C3-4D82-932E-9571C4DC678B}.Debug|Any CPU.ActiveCfg = Debug|Any CPU
		{1CF95F70-49C3-4D82-932E-9571C4DC678B}.Debug|Any CPU.Build.0 = Debug|Any CPU
		{1CF95F70-49C3-4D82-932E-9571C4DC678B}.Release|Any CPU.ActiveCfg = Release|Any CPU
		{1CF95F70-49C3-4D82-932E-9571C4DC678B}.Release|Any CPU.Build.0 = Release|Any CPU
		{9570E446-565A-4F8E-9A33-88BD417D46F8}.Debug|Any CPU.ActiveCfg = Debug|Any CPU
		{9570E446-565A-4F8E-9A33-88BD417D46F8}.Debug|Any CPU.Build.0 = Debug|Any CPU
		{9570E446-565A-4F8E-9A33-88BD417D46F8}.Release|Any CPU.ActiveCfg = Release|Any CPU
		{9570E446-565A-4F8E-9A33-88BD417D46F8}.Release|Any CPU.Build.0 = Release|Any CPU
		{80B49201-3E66-40A8-9538-E6DA0503426D}.Debug|Any CPU.ActiveCfg = Debug|Any CPU
		{80B49201-3E66-40A8-9538-E6DA0503426D}.Debug|Any CPU.Build.0 = Debug|Any CPU
		{80B49201-3E66-40A8-9538-E6DA0503426D}.Release|Any CPU.ActiveCfg = Release|Any CPU
		{80B49201-3E66-40A8-9538-E6DA0503426D}.Release|Any CPU.Build.0 = Release|Any CPU
		{EB28722A-189B-4E73-BFF5-5ECF527F1A0E}.Debug|Any CPU.ActiveCfg = Debug|Any CPU
		{EB28722A-189B-4E73-BFF5-5ECF527F1A0E}.Debug|Any CPU.Build.0 = Debug|Any CPU
		{EB28722A-189B-4E73-BFF5-5ECF527F1A0E}.Release|Any CPU.ActiveCfg = Release|Any CPU
		{EB28722A-189B-4E73-BFF5-5ECF527F1A0E}.Release|Any CPU.Build.0 = Release|Any CPU
		{C0A9B337-3B2E-4353-B5ED-5A5EE83E074F}.Debug|Any CPU.ActiveCfg = Debug|Any CPU
		{C0A9B337-3B2E-4353-B5ED-5A5EE83E074F}.Debug|Any CPU.Build.0 = Debug|Any CPU
		{C0A9B337-3B2E-4353-B5ED-5A5EE83E074F}.Release|Any CPU.ActiveCfg = Release|Any CPU
		{C0A9B337-3B2E-4353-B5ED-5A5EE83E074F}.Release|Any CPU.Build.0 = Release|Any CPU
		{BDFAB3CD-029D-4126-9AFE-BB4343195CCD}.Debug|Any CPU.ActiveCfg = Debug|Any CPU
		{BDFAB3CD-029D-4126-9AFE-BB4343195CCD}.Debug|Any CPU.Build.0 = Debug|Any CPU
		{BDFAB3CD-029D-4126-9AFE-BB4343195CCD}.Release|Any CPU.ActiveCfg = Release|Any CPU
		{BDFAB3CD-029D-4126-9AFE-BB4343195CCD}.Release|Any CPU.Build.0 = Release|Any CPU
		{7852A1CB-7DA4-4869-AB11-29407F7670F7}.Debug|Any CPU.ActiveCfg = Debug|Any CPU
		{7852A1CB-7DA4-4869-AB11-29407F7670F7}.Debug|Any CPU.Build.0 = Debug|Any CPU
		{7852A1CB-7DA4-4869-AB11-29407F7670F7}.Release|Any CPU.ActiveCfg = Release|Any CPU
		{7852A1CB-7DA4-4869-AB11-29407F7670F7}.Release|Any CPU.Build.0 = Release|Any CPU
		{E158447E-324B-40BE-B18B-905EB8ACC7F9}.Debug|Any CPU.ActiveCfg = Debug|Any CPU
		{E158447E-324B-40BE-B18B-905EB8ACC7F9}.Debug|Any CPU.Build.0 = Debug|Any CPU
		{E158447E-324B-40BE-B18B-905EB8ACC7F9}.Release|Any CPU.ActiveCfg = Release|Any CPU
		{E158447E-324B-40BE-B18B-905EB8ACC7F9}.Release|Any CPU.Build.0 = Release|Any CPU
	EndGlobalSection
	GlobalSection(SolutionProperties) = preSolution
		HideSolutionNode = FALSE
	EndGlobalSection
	GlobalSection(NestedProjects) = preSolution
		{5FA3C0AB-4843-4EC7-92BC-EDA56E165D9E} = {02EA681E-C7D8-13C7-8484-4AC65E1B71E8}
		{2F83A562-C7F5-4829-8E14-47BFDD3114E1} = {02EA681E-C7D8-13C7-8484-4AC65E1B71E8}
		{734757CE-6959-4202-92CF-1605886F67AA} = {02EA681E-C7D8-13C7-8484-4AC65E1B71E8}
		{A0B7755A-6530-4BA9-93D3-73D8CA10C406} = {239BD309-007F-4AC7-B0F2-5242043322A9}
		{194363C9-25E9-47A5-8B72-CDCD73DDE5F0} = {239BD309-007F-4AC7-B0F2-5242043322A9}
		{09092030-B9FF-4B90-BDA2-A7C3DB511A6E} = {239BD309-007F-4AC7-B0F2-5242043322A9}
		{6339E820-E7AD-4980-8ACD-CDCFFE49E3E7} = {3063B535-3F5E-43FA-A4CE-4BE65D944C17}
		{A5AB222B-0080-47C3-B248-E26A9E264CC5} = {3063B535-3F5E-43FA-A4CE-4BE65D944C17}
		{F1A2A8AB-30DF-46B0-8501-7F4C317004E4} = {3063B535-3F5E-43FA-A4CE-4BE65D944C17}
		{5D123C5D-BBF8-45A8-9D90-05A8806A779F} = {FDFDD42D-FB8D-4143-85CB-5AF04E0FAEC0}
		{69BDB1B1-B972-4D11-8351-7C8AD10B57C8} = {FDFDD42D-FB8D-4143-85CB-5AF04E0FAEC0}
		{803AE471-98F3-4903-8794-04A7778FFB4C} = {FDFDD42D-FB8D-4143-85CB-5AF04E0FAEC0}
		{4F0F8595-918F-4C38-A5CA-28E553B992B8} = {BA934DF0-AF39-41CD-B707-89000254E658}
		{E9928947-F4A9-447C-92BF-489DA038536F} = {BA934DF0-AF39-41CD-B707-89000254E658}
		{C8A36E40-DB63-47AB-86E7-F96B12E7630D} = {BA934DF0-AF39-41CD-B707-89000254E658}
		{1CF95F70-49C3-4D82-932E-9571C4DC678B} = {4E11E718-673A-4777-B14B-D3A040420C14}
		{9570E446-565A-4F8E-9A33-88BD417D46F8} = {4E11E718-673A-4777-B14B-D3A040420C14}
		{80B49201-3E66-40A8-9538-E6DA0503426D} = {4E11E718-673A-4777-B14B-D3A040420C14}
		{EB28722A-189B-4E73-BFF5-5ECF527F1A0E} = {1C6695FF-2257-4451-B7CC-BB150FD85A90}
		{C0A9B337-3B2E-4353-B5ED-5A5EE83E074F} = {1C6695FF-2257-4451-B7CC-BB150FD85A90}
		{BDFAB3CD-029D-4126-9AFE-BB4343195CCD} = {1C6695FF-2257-4451-B7CC-BB150FD85A90}
		{7852A1CB-7DA4-4869-AB11-29407F7670F7} = {B415ED62-2B96-42DD-AFEF-7732D88F82C8}
		{E158447E-324B-40BE-B18B-905EB8ACC7F9} = {B415ED62-2B96-42DD-AFEF-7732D88F82C8}
	EndGlobalSection
	GlobalSection(ExtensibilityGlobals) = postSolution
		SolutionGuid = {BA18EA49-B28C-460B-B0FF-416AD4DA5DCF}
	EndGlobalSection
EndGlobal
