
Microsoft Visual Studio Solution File, Format Version 12.00
# Visual Studio Version 17
VisualStudioVersion = 17.14.36414.22
MinimumVisualStudioVersion = 10.0.40219.1
Project("{2150E333-8FDC-42A3-9474-1A3956D46DE8}") = "Task 0", "Task 0", "{02EA681E-C7D8-13C7-8484-4AC65E1B71E8}"
EndProject
Project("{FAE04EC0-301F-11D3-BF4B-00C04F79EFBC}") = "Tyuiu.PankovaAA.Sprint1.Task0.V23", "Tyuiu.PankovaAA.Sprint1.Task0.V23\Tyuiu.PankovaAA.Sprint1.Task0.V23.csproj", "{5FA3C0AB-4843-4EC7-92BC-EDA56E165D9E}"
EndProject
Project("{FAE04EC0-301F-11D3-BF4B-00C04F79EFBC}") = "Tyuiu.PankovaAA.Sprint1.Task0.V23.Lib", "Tyuiu.PankovaAA.Sprint1.Task0.V23.Lib\Tyuiu.PankovaAA.Sprint1.Task0.V23.Lib.csproj", "{2F83A562-C7F5-4829-8E14-47BFDD3114E1}"
EndProject
Project("{FAE04EC0-301F-11D3-BF4B-00C04F79EFBC}") = "Tyuiu.PankovaAA.Sprint1.Task0.V23.Test", "Tyuiu.PankovaAA.Sprint1.Task0.V23.Test\Tyuiu.PankovaAA.Sprint1.Task0.V23.Test.csproj", "{734757CE-6959-4202-92CF-1605886F67AA}"
EndProject
Project("{2150E333-8FDC-42A3-9474-1A3956D46DE8}") = "Task 1", "Task 1", "{239BD309-007F-4AC7-B0F2-5242043322A9}"
EndProject
Project("{FAE04EC0-301F-11D3-BF4B-00C04F79EFBC}") = "Tyuiu.PankovaAA.Sprint1.Task1.V26", "Tyuiu.PankovaAA.Sprint1.Task1.V26\Tyuiu.PankovaAA.Sprint1.Task1.V26.csproj", "{A0B7755A-6530-4BA9-93D3-73D8CA10C406}"
EndProject
Project("{FAE04EC0-301F-11D3-BF4B-00C04F79EFBC}") = "Tyuiu.PankovaAA.Sprint1.Task1.V26.Lib", "Tyuiu.PankovaAA.Sprint1.Task1.V26.Lib\Tyuiu.PankovaAA.Sprint1.Task1.V26.Lib.csproj", "{194363C9-25E9-47A5-8B72-CDCD73DDE5F0}"
EndProject
Project("{FAE04EC0-301F-11D3-BF4B-00C04F79EFBC}") = "Tyuiu.PankovaAA.Sprint1.Task1.V26.Test", "Tyuiu.PankovaAA.Sprint1.Task1.V26.Test\Tyuiu.PankovaAA.Sprint1.Task1.V26.Test.csproj", "{09092030-B9FF-4B90-BDA2-A7C3DB511A6E}"
EndProject
Project("{2150E333-8FDC-42A3-9474-1A3956D46DE8}") = "Task 2", "Task 2", "{3063B535-3F5E-43FA-A4CE-4BE65D944C17}"
EndProject
Project("{FAE04EC0-301F-11D3-BF4B-00C04F79EFBC}") = "Tyuiu.PankovaAA.Sprint1.Task2.V6", "Tyuiu.PankovaAA.Sprint1.Task2.V6\Tyuiu.PankovaAA.Sprint1.Task2.V6.csproj", "{6339E820-E7AD-4980-8ACD-CDCFFE49E3E7}"
EndProject
Project("{FAE04EC0-301F-11D3-BF4B-00C04F79EFBC}") = "Tyuiu.PankovaAA.Sprint1.Task2.V6.Lib", "Tyuiu.PankovaAA.Sprint1.Task2.V6.Lib\Tyuiu.PankovaAA.Sprint1.Task2.V6.Lib.csproj", "{A5AB222B-0080-47C3-B248-E26A9E264CC5}"
EndProject
Project("{FAE04EC0-301F-11D3-BF4B-00C04F79EFBC}") = "Tyuiu.PankovaAA.Sprint1.Task2.V6.Test", "Tyuiu.PankovaAA.Sprint1.Task2.V6.Test\Tyuiu.PankovaAA.Sprint1.Task2.V6.Test.csproj", "{F1A2A8AB-30DF-46B0-8501-7F4C317004E4}"
EndProject
Global
	GlobalSection(SolutionConfigurationPlatforms) = preSolution
		Debug|Any CPU = Debug|Any CPU
		Release|Any CPU = Release|Any CPU
	EndGlobalSection
	GlobalSection(ProjectConfigurationPlatforms) = postSolution
		{5FA3C0AB-4843-4EC7-92BC-EDA56E165D9E}.Debug|Any CPU.ActiveCfg = Debug|Any CPU
		{5FA3C0AB-4843-4EC7-92BC-EDA56E165D9E}.Debug|Any CPU.Build.0 = Debug|Any CPU
		{5FA3C0AB-4843-4EC7-92BC-EDA56E165D9E}.Release|Any CPU.ActiveCfg = Release|Any CPU
		{5FA3C0AB-4843-4EC7-92BC-EDA56E165D9E}.Release|Any CPU.Build.0 = Release|Any CPU
		{2F83A562-C7F5-4829-8E14-47BFDD3114E1}.Debug|Any CPU.ActiveCfg = Debug|Any CPU
		{2F83A562-C7F5-4829-8E14-47BFDD3114E1}.Debug|Any CPU.Build.0 = Debug|Any CPU
		{2F83A562-C7F5-4829-8E14-47BFDD3114E1}.Release|Any CPU.ActiveCfg = Release|Any CPU
		{2F83A562-C7F5-4829-8E14-47BFDD3114E1}.Release|Any CPU.Build.0 = Release|Any CPU
		{734757CE-6959-4202-92CF-1605886F67AA}.Debug|Any CPU.ActiveCfg = Debug|Any CPU
		{734757CE-6959-4202-92CF-1605886F67AA}.Debug|Any CPU.Build.0 = Debug|Any CPU
		{734757CE-6959-4202-92CF-1605886F67AA}.Release|Any CPU.ActiveCfg = Release|Any CPU
		{734757CE-6959-4202-92CF-1605886F67AA}.Release|Any CPU.Build.0 = Release|Any CPU
		{A0B7755A-6530-4BA9-93D3-73D8CA10C406}.Debug|Any CPU.ActiveCfg = Debug|Any CPU
		{A0B7755A-6530-4BA9-93D3-73D8CA10C406}.Debug|Any CPU.Build.0 = Debug|Any CPU
		{A0B7755A-6530-4BA9-93D3-73D8CA10C406}.Release|Any CPU.ActiveCfg = Release|Any CPU
		{A0B7755A-6530-4BA9-93D3-73D8CA10C406}.Release|Any CPU.Build.0 = Release|Any CPU
		{194363C9-25E9-47A5-8B72-CDCD73DDE5F0}.Debug|Any CPU.ActiveCfg = Debug|Any CPU
		{194363C9-25E9-47A5-8B72-CDCD73DDE5F0}.Debug|Any CPU.Build.0 = Debug|Any CPU
		{194363C9-25E9-47A5-8B72-CDCD73DDE5F0}.Release|Any CPU.ActiveCfg = Release|Any CPU
		{194363C9-25E9-47A5-8B72-CDCD73DDE5F0}.Release|Any CPU.Build.0 = Release|Any CPU
		{09092030-B9FF-4B90-BDA2-A7C3DB511A6E}.Debug|Any CPU.ActiveCfg = Debug|Any CPU
		{09092030-B9FF-4B90-BDA2-A7C3DB511A6E}.Debug|Any CPU.Build.0 = Debug|Any CPU
		{09092030-B9FF-4B90-BDA2-A7C3DB511A6E}.Release|Any CPU.ActiveCfg = Release|Any CPU
		{09092030-B9FF-4B90-BDA2-A7C3DB511A6E}.Release|Any CPU.Build.0 = Release|Any CPU
		{6339E820-E7AD-4980-8ACD-CDCFFE49E3E7}.Debug|Any CPU.ActiveCfg = Debug|Any CPU
		{6339E820-E7AD-4980-8ACD-CDCFFE49E3E7}.Debug|Any CPU.Build.0 = Debug|Any CPU
		{6339E820-E7AD-4980-8ACD-CDCFFE49E3E7}.Release|Any CPU.ActiveCfg = Release|Any CPU
		{6339E820-E7AD-4980-8ACD-CDCFFE49E3E7}.Release|Any CPU.Build.0 = Release|Any CPU
		{A5AB222B-0080-47C3-B248-E26A9E264CC5}.Debug|Any CPU.ActiveCfg = Debug|Any CPU
		{A5AB222B-0080-47C3-B248-E26A9E264CC5}.Debug|Any CPU.Build.0 = Debug|Any CPU
		{A5AB222B-0080-47C3-B248-E26A9E264CC5}.Release|Any CPU.ActiveCfg = Release|Any CPU
		{A5AB222B-0080-47C3-B248-E26A9E264CC5}.Release|Any CPU.Build.0 = Release|Any CPU
		{F1A2A8AB-30DF-46B0-8501-7F4C317004E4}.Debug|Any CPU.ActiveCfg = Debug|Any CPU
		{F1A2A8AB-30DF-46B0-8501-7F4C317004E4}.Debug|Any CPU.Build.0 = Debug|Any CPU
		{F1A2A8AB-30DF-46B0-8501-7F4C317004E4}.Release|Any CPU.ActiveCfg = Release|Any CPU
		{F1A2A8AB-30DF-46B0-8501-7F4C317004E4}.Release|Any CPU.Build.0 = Release|Any CPU
	EndGlobalSection
	GlobalSection(SolutionProperties) = preSolution
		HideSolutionNode = FALSE
	EndGlobalSection
	GlobalSection(NestedProjects) = preSolution
		{5FA3C0AB-4843-4EC7-92BC-EDA56E165D9E} = {02EA681E-C7D8-13C7-8484-4AC65E1B71E8}
		{2F83A562-C7F5-4829-8E14-47BFDD3114E1} = {02EA681E-C7D8-13C7-8484-4AC65E1B71E8}
		{734757CE-6959-4202-92CF-1605886F67AA} = {02EA681E-C7D8-13C7-8484-4AC65E1B71E8}
		{A0B7755A-6530-4BA9-93D3-73D8CA10C406} = {239BD309-007F-4AC7-B0F2-5242043322A9}
		{194363C9-25E9-47A5-8B72-CDCD73DDE5F0} = {239BD309-007F-4AC7-B0F2-5242043322A9}
		{09092030-B9FF-4B90-BDA2-A7C3DB511A6E} = {239BD309-007F-4AC7-B0F2-5242043322A9}
		{6339E820-E7AD-4980-8ACD-CDCFFE49E3E7} = {3063B535-3F5E-43FA-A4CE-4BE65D944C17}
		{A5AB222B-0080-47C3-B248-E26A9E264CC5} = {3063B535-3F5E-43FA-A4CE-4BE65D944C17}
		{F1A2A8AB-30DF-46B0-8501-7F4C317004E4} = {3063B535-3F5E-43FA-A4CE-4BE65D944C17}
	EndGlobalSection
	GlobalSection(ExtensibilityGlobals) = postSolution
		SolutionGuid = {BA18EA49-B28C-460B-B0FF-416AD4DA5DCF}
	EndGlobalSection
EndGlobal
